# THIS IS AN AUTOGENERATED FILE. DO NOT EDIT THIS FILE DIRECTLY.
# yarn lockfile v1


"@citation-js/cli@0.5.0-alpha.5":
  version "0.5.0-alpha.5"
  resolved "https://registry.yarnpkg.com/@citation-js/cli/-/cli-0.5.0-alpha.5.tgz#15b11022d783c28a7a360d9dcfcdc706a968e27b"
  integrity sha512-ktZBiKTTG/6o66GMTlnfALErQDblstOF1N3xP3iqdGJkBexduMn197ty/PwuFk4FJLQYsWl/6IovLbRbMUPtBA==
  dependencies:
    "@citation-js/core" "^0.5.0-alpha.5"
    "@citation-js/plugin-bibjson" "^0.5.0-alpha.5"
    "@citation-js/plugin-bibtex" "^0.5.0-alpha.5"
    "@citation-js/plugin-csl" "^0.5.0-alpha.5"
    "@citation-js/plugin-doi" "^0.5.0-alpha.5"
    "@citation-js/plugin-ris" "^0.5.0-alpha.5"
    "@citation-js/plugin-wikidata" "^0.5.0-alpha.5"
    commander "^2.20.0"

"@citation-js/core@0.5.0-alpha.5", "@citation-js/core@^0.5.0-alpha.5":
  version "0.5.0-alpha.5"
  resolved "https://registry.yarnpkg.com/@citation-js/core/-/core-0.5.0-alpha.5.tgz#9203bdc4778cd2b690736e0f06b71a8186ef7ae0"
  integrity sha512-2yG1G02sz9lnsJ25mx8aAn5FPFQR2l46kYMzibQajJaV6+P0swqf6xzUBPxQ4i06+FW9wS7jsekOYbvcAthAdA==
  dependencies:
    "@citation-js/date" "^0.4.4"
    "@citation-js/name" "^0.4.2"
    isomorphic-fetch "^2.2.1"
    sync-fetch "^0.1.0"

"@citation-js/date@0.4.4", "@citation-js/date@^0.4.4":
  version "0.4.4"
  resolved "https://registry.yarnpkg.com/@citation-js/date/-/date-0.4.4.tgz#2e90b3c04b8b4861b331274916c3cc3e57860628"
  integrity sha512-wD195pZPwCCN8idhxz4HYZbf5mMnPZMRhOipcU8v1orZWqZp6YDRjOplNKo6yX7tf6fB4ZO8QLuNaNjuic5AWQ==

"@citation-js/name@0.4.2", "@citation-js/name@^0.4.2":
  version "0.4.2"
  resolved "https://registry.yarnpkg.com/@citation-js/name/-/name-0.4.2.tgz#8dc834b7e6c06998fc8d3b63632658754c94a875"
  integrity sha512-brSPsjs2fOVzSnARLKu0qncn6suWjHVQtrqSUrnqyaRH95r/Ad4wPF5EsoWr+Dx8HzkCGb/ogmoAzfCsqlTwTQ==

"@citation-js/plugin-bibjson@0.5.0-alpha.5", "@citation-js/plugin-bibjson@^0.5.0-alpha.5":
  version "0.5.0-alpha.5"
  resolved "https://registry.yarnpkg.com/@citation-js/plugin-bibjson/-/plugin-bibjson-0.5.0-alpha.5.tgz#d5a03e98a422e5ac51a116feb9b209eaf15f971e"
  integrity sha512-yPZ5YukiCj38xzhkcJzou8MLsSiRRlqflHyVme/zOxZlqh9twO8XcZRJlzyppMzbyZThxxnMzbFix8uxpRb/Gg==
  dependencies:
    "@citation-js/date" "^0.4.4"
    "@citation-js/name" "^0.4.2"

"@citation-js/plugin-bibtex@0.5.0-alpha.5", "@citation-js/plugin-bibtex@^0.5.0-alpha.5":
  version "0.5.0-alpha.5"
  resolved "https://registry.yarnpkg.com/@citation-js/plugin-bibtex/-/plugin-bibtex-0.5.0-alpha.5.tgz#20b909b99e8c832b35bc6a72c4b4e317bcb874bb"
  integrity sha512-whickBbWIUrAt8iR9BewjuT2Cxz/YsWEYHhOZohOBrx9b3rn3+hIpfsZZKV60hr03SjBqIlOOhlqqogiQxGWsw==
  dependencies:
    "@citation-js/date" "^0.4.4"
    "@citation-js/name" "^0.4.2"
    moo "^0.5.1"

"@citation-js/plugin-csl@0.5.0-alpha.5", "@citation-js/plugin-csl@^0.5.0-alpha.5":
  version "0.5.0-alpha.5"
  resolved "https://registry.yarnpkg.com/@citation-js/plugin-csl/-/plugin-csl-0.5.0-alpha.5.tgz#d5b25795b1c8162f54b47857e298420b4cca7ea2"
  integrity sha512-7fzeSadwNeVlOGUgmSgKcCpT89NCNgGECqlaT71RIlF1gp3+BFy80g2WrSaw0Ir0HEoZDmL3mvBkx4gF3VsK3Q==
  dependencies:
    citeproc "^2.2.27"

"@citation-js/plugin-doi@0.5.0-alpha.5", "@citation-js/plugin-doi@^0.5.0-alpha.5":
  version "0.5.0-alpha.5"
  resolved "https://registry.yarnpkg.com/@citation-js/plugin-doi/-/plugin-doi-0.5.0-alpha.5.tgz#b7febc3570ce479ee9a17134c61da1a132ba1933"
  integrity sha512-h5OIGCr7RBC6HaIbmyOhfbFQp145qNtfZZhMarI7yw1nY86KcsAJc9F6LOnuflMntnvlD7vK5umHuBCfFYP5lg==

"@citation-js/plugin-ris@0.5.0-alpha.5", "@citation-js/plugin-ris@^0.5.0-alpha.5":
  version "0.5.0-alpha.5"
  resolved "https://registry.yarnpkg.com/@citation-js/plugin-ris/-/plugin-ris-0.5.0-alpha.5.tgz#1934ff02b24e3856e8ac40ec1e5a45508844aff3"
  integrity sha512-dF6bzOk8QJjsv/ce65zYjVAPZb6BYTF6x6IsO2ixf0H2nWQ6sOaWiBOtHSO45EWNyHlq7drrl6BL8IdI2YvY6w==
  dependencies:
    "@citation-js/date" "^0.4.4"
    "@citation-js/name" "^0.4.2"

"@citation-js/plugin-wikidata@0.5.0-alpha.5", "@citation-js/plugin-wikidata@^0.5.0-alpha.5":
  version "0.5.0-alpha.5"
  resolved "https://registry.yarnpkg.com/@citation-js/plugin-wikidata/-/plugin-wikidata-0.5.0-alpha.5.tgz#1ef967f800ba1a525347f18be587f9638607303d"
  integrity sha512-vS/JLD+OVEh9cG1cJpIy10z7x6ZskId+k4KTeB5dhxWk7gjWHsubSoVi7uZ29zdTIDRDsTfTzymC2lngOLRC5g==
  dependencies:
    "@citation-js/date" "^0.4.4"
    "@citation-js/name" "^0.4.2"
    wikidata-sdk "7"

"@types/node-fetch@^2.5.7":
  version "2.5.7"
  resolved "https://registry.yarnpkg.com/@types/node-fetch/-/node-fetch-2.5.7.tgz#20a2afffa882ab04d44ca786449a276f9f6bbf3c"
  integrity sha512-o2WVNf5UhWRkxlf6eq+jMZDu7kjgpgJfl4xVNlvryc95O/6F2ld8ztKX+qu+Rjyet93WAWm5LjeX9H5FGkODvw==
  dependencies:
    "@types/node" "*"
    form-data "^3.0.0"

"@types/node@*", "@types/node@^13.13.0", "@types/node@^13.13.5":
  version "13.13.5"
  resolved "https://registry.yarnpkg.com/@types/node/-/node-13.13.5.tgz#96ec3b0afafd64a4ccea9107b75bf8489f0e5765"
  integrity sha512-3ySmiBYJPqgjiHA7oEaIo2Rzz0HrOZ7yrNO5HWyaE5q0lQ3BppDZ3N53Miz8bw2I7gh1/zir2MGVZBvpb1zq9g==

arg@^4.1.0:
  version "4.1.3"
  resolved "https://registry.yarnpkg.com/arg/-/arg-4.1.3.tgz#269fc7ad5b8e42cb63c896d5666017261c144089"
  integrity sha512-58S9QDqG0Xx27YwPSt9fJxivjYl432YCwfDMfZ+71RAqUrZef7LrKQZ3LHLOwCS4FLNBplP533Zx895SeOCHvA==

asynckit@^0.4.0:
  version "0.4.0"
  resolved "https://registry.yarnpkg.com/asynckit/-/asynckit-0.4.0.tgz#c79ed97f7f34cb8f2ba1bc9790bcc366474b4b79"
  integrity sha1-x57Zf380y48robyXkLzDZkdLS3k=

base64-js@^1.0.2:
  version "1.3.1"
  resolved "https://registry.yarnpkg.com/base64-js/-/base64-js-1.3.1.tgz#58ece8cb75dd07e71ed08c736abc5fac4dbf8df1"
  integrity sha512-mLQ4i2QO1ytvGWFWmcngKO//JXAQueZvwEKtjgQFM4jIK0kU+ytMfplL8j+n5mspOfjHwoAg+9yhb7BwAHm36g==

buffer-from@^1.0.0:
  version "1.1.1"
  resolved "https://registry.yarnpkg.com/buffer-from/-/buffer-from-1.1.1.tgz#32713bc028f75c02fdb710d7c7bcec1f2c6070ef"
  integrity sha512-MQcXEUbCKtEo7bhqEs6560Hyd4XaovZlO/k9V3hjVUF/zwW7KBVdSK4gIt/bzwS9MbR5qob+F5jusZsb0YQK2A==

buffer@^5.4.2:
  version "5.6.0"
  resolved "https://registry.yarnpkg.com/buffer/-/buffer-5.6.0.tgz#a31749dc7d81d84db08abf937b6b8c4033f62786"
  integrity sha512-/gDYp/UtU0eA1ys8bOs9J6a+E/KWIY+DZ+Q2WESNUA0jFRsJOc0SNUO6xJ5SGA1xueg3NL65W6s+NY5l9cunuw==
  dependencies:
    base64-js "^1.0.2"
    ieee754 "^1.1.4"

citation-js@^0.5.0-alpha.5:
  version "0.5.0-alpha.5"
  resolved "https://registry.yarnpkg.com/citation-js/-/citation-js-0.5.0-alpha.5.tgz#49e1d19260b98b05a3ca186066597cf9378d0596"
  integrity sha512-JjJQSnwvtupaR9FLU7ANAfihycMwtzvDGIbJxHEmV8RRIfy/Swq+UAZY0gMNit885zuu6HEqZZuILOS9y0vKsQ==
  dependencies:
    "@citation-js/cli" "0.5.0-alpha.5"
    "@citation-js/core" "0.5.0-alpha.5"
    "@citation-js/date" "0.4.4"
    "@citation-js/name" "0.4.2"
    "@citation-js/plugin-bibjson" "0.5.0-alpha.5"
    "@citation-js/plugin-bibtex" "0.5.0-alpha.5"
    "@citation-js/plugin-csl" "0.5.0-alpha.5"
    "@citation-js/plugin-doi" "0.5.0-alpha.5"
    "@citation-js/plugin-ris" "0.5.0-alpha.5"
    "@citation-js/plugin-wikidata" "0.5.0-alpha.5"
    citeproc "^2.2.27"

citeproc@^2.2.27:
  version "2.3.8"
  resolved "https://registry.yarnpkg.com/citeproc/-/citeproc-2.3.8.tgz#631c9afdd8028e93b6d196bfbf01808db04dcecd"
  integrity sha512-5Iq/LpgmitH0Jdy+iMDyenw3Ph/+sdxZU6Tvn9e75zZR4mRdn2qY0TgPSSQIuxAebACsfSWoie4s/VHaXw7+kg==

combined-stream@^1.0.8:
  version "1.0.8"
  resolved "https://registry.yarnpkg.com/combined-stream/-/combined-stream-1.0.8.tgz#c3d45a8b34fd730631a110a8a2520682b31d5a7f"
  integrity sha512-FQN4MRfuJeHf7cBbBMJFXhKSDq+2kAArBlmRBvcvFE5BB1HZKXtSFASDhdlz9zOYwxh8lDdnvmMOe/+5cdoEdg==
  dependencies:
    delayed-stream "~1.0.0"

commander@^2.20.0:
  version "2.20.3"
  resolved "https://registry.yarnpkg.com/commander/-/commander-2.20.3.tgz#fd485e84c03eb4881c20722ba48035e8531aeb33"
  integrity sha512-GpVkmM8vF2vQUkj2LvZmD35JxeJOLCwJ9cUkugyk2nuhbv3+mJvpLYYt+0+USMxE+oj+ey/lJEnhZw75x/OMcQ==

delayed-stream@~1.0.0:
  version "1.0.0"
  resolved "https://registry.yarnpkg.com/delayed-stream/-/delayed-stream-1.0.0.tgz#df3ae199acadfb7d440aaae0b29e2272b24ec619"
  integrity sha1-3zrhmayt+31ECqrgsp4icrJOxhk=

diff@^4.0.1:
  version "4.0.2"
  resolved "https://registry.yarnpkg.com/diff/-/diff-4.0.2.tgz#60f3aecb89d5fae520c11aa19efc2bb982aade7d"
  integrity sha512-58lmxKSA4BNyLz+HHMUzlOEpg09FV+ev6ZMe3vJihgdxzgcwZ8VoEEPmALCZG9LmqfVoNMMKpttIYTVG6uDY7A==

encoding@^0.1.11:
  version "0.1.12"
  resolved "https://registry.yarnpkg.com/encoding/-/encoding-0.1.12.tgz#538b66f3ee62cd1ab51ec323829d1f9480c74beb"
  integrity sha1-U4tm8+5izRq1HsMjgp0flIDHS+s=
  dependencies:
    iconv-lite "~0.4.13"

form-data@^3.0.0:
  version "3.0.0"
  resolved "https://registry.yarnpkg.com/form-data/-/form-data-3.0.0.tgz#31b7e39c85f1355b7139ee0c647cf0de7f83c682"
  integrity sha512-CKMFDglpbMi6PyN+brwB9Q/GOw0eAnsrEZDgcsH5Krhz5Od/haKHAX0NmQfha2zPPz0JpWzA7GJHGSnvCRLWsg==
  dependencies:
    asynckit "^0.4.0"
    combined-stream "^1.0.8"
    mime-types "^2.1.12"

get-stdin@~7.0.0:
  version "7.0.0"
  resolved "https://registry.yarnpkg.com/get-stdin/-/get-stdin-7.0.0.tgz#8d5de98f15171a125c5e516643c7a6d0ea8a96f6"
  integrity sha512-zRKcywvrXlXsA0v0i9Io4KDRaAw7+a1ZpjRwl9Wox8PFlVCCHra7E9c4kqXCoCM9nR5tBkaTTZRBoCm60bFqTQ==

iconv-lite@~0.4.13:
  version "0.4.24"
  resolved "https://registry.yarnpkg.com/iconv-lite/-/iconv-lite-0.4.24.tgz#2022b4b25fbddc21d2f524974a474aafe733908b"
  integrity sha512-v3MXnZAcvnywkTUEZomIActle7RXXeedOR31wwl7VlyoXO4Qi9arvSenNQWne1TcRwhCL1HwLI21bEqdpj8/rA==
  dependencies:
    safer-buffer ">= 2.1.2 < 3"

ieee754@^1.1.4:
  version "1.1.13"
  resolved "https://registry.yarnpkg.com/ieee754/-/ieee754-1.1.13.tgz#ec168558e95aa181fd87d37f55c32bbcb6708b84"
  integrity sha512-4vf7I2LYV/HaWerSo3XmlMkp5eZ83i+/CDluXi/IGTs/O1sejBNhTtnxzmRZfvOUqj7lZjqHkeTvpgSFDlWZTg==

is-stream@^1.0.1:
  version "1.1.0"
  resolved "https://registry.yarnpkg.com/is-stream/-/is-stream-1.1.0.tgz#12d4a3dd4e68e0b79ceb8dbc84173ae80d91ca44"
  integrity sha1-EtSj3U5o4Lec6428hBc66A2RykQ=

isomorphic-fetch@^2.2.1:
  version "2.2.1"
  resolved "https://registry.yarnpkg.com/isomorphic-fetch/-/isomorphic-fetch-2.2.1.tgz#611ae1acf14f5e81f729507472819fe9733558a9"
  integrity sha1-YRrhrPFPXoH3KVB0coGf6XM1WKk=
  dependencies:
    node-fetch "^1.0.1"
    whatwg-fetch ">=0.10.0"

make-error@^1.1.1:
  version "1.3.6"
  resolved "https://registry.yarnpkg.com/make-error/-/make-error-1.3.6.tgz#2eb2e37ea9b67c4891f684a1394799af484cf7a2"
  integrity sha512-s8UhlNe7vPKomQhC1qFelMokr/Sc3AgNbso3n74mVPA5LTZwkB9NlXf4XPamLxJE8h0gh73rM94xvwRT2CVInw==

mime-db@1.44.0:
  version "1.44.0"
  resolved "https://registry.yarnpkg.com/mime-db/-/mime-db-1.44.0.tgz#fa11c5eb0aca1334b4233cb4d52f10c5a6272f92"
  integrity sha512-/NOTfLrsPBVeH7YtFPgsVWveuL+4SjjYxaQ1xtM1KMFj7HdxlBlxeyNLzhyJVx7r4rZGJAZ/6lkKCitSc/Nmpg==

mime-types@^2.1.12:
  version "2.1.27"
  resolved "https://registry.yarnpkg.com/mime-types/-/mime-types-2.1.27.tgz#47949f98e279ea53119f5722e0f34e529bec009f"
  integrity sha512-JIhqnCasI9yD+SsmkquHBxTSEuZdQX5BuQnS2Vc7puQQQ+8yiP5AY5uWhpdv4YL4VM5c6iliiYWPgJ/nJQLp7w==
  dependencies:
    mime-db "1.44.0"

moo@^0.5.1:
  version "0.5.1"
  resolved "https://registry.yarnpkg.com/moo/-/moo-0.5.1.tgz#7aae7f384b9b09f620b6abf6f74ebbcd1b65dbc4"
  integrity sha512-I1mnb5xn4fO80BH9BLcF0yLypy2UKl+Cb01Fu0hJRkJjlCRtxZMWkTdAtDd5ZqCOxtCkhmRwyI57vWT+1iZ67w==

node-fetch@^1.0.1:
  version "1.7.3"
  resolved "https://registry.yarnpkg.com/node-fetch/-/node-fetch-1.7.3.tgz#980f6f72d85211a5347c6b2bc18c5b84c3eb47ef"
  integrity sha512-NhZ4CsKx7cYm2vSrBAr2PvFOe6sWDf0UYLRqA6svUYg7+/TSfVAu49jYC4BvQ4Sms9SZgdqGBgroqfDhJdTyKQ==
  dependencies:
    encoding "^0.1.11"
    is-stream "^1.0.1"

node-fetch@^2.6.0:
  version "2.6.0"
  resolved "https://registry.yarnpkg.com/node-fetch/-/node-fetch-2.6.0.tgz#e633456386d4aa55863f676a7ab0daa8fdecb0fd"
  integrity sha512-8dG4H5ujfvFiqDmVu9fQ5bOHUC15JMjMY/Zumv26oOvvVJjM67KF8koCWIabKQ1GJIa9r2mMZscBq/TbdOcmNA==

pandoc-filter@^2.0.0:
  version "2.0.0"
  resolved "https://registry.yarnpkg.com/pandoc-filter/-/pandoc-filter-2.0.0.tgz#5f53648a6626886478afe853eb4dfa8dd38e7b48"
  integrity sha512-+Jp50Bh9bEdp+QV7HoQZ/8MwG6LIApWdt0eC18bgxbeL6siVYsJ0ynhKEEGE3TK1htfst+1SMI39TEIPs3oTTg==
  dependencies:
    "@types/node" "^13.13.0"
    get-stdin "~7.0.0"

prettier@^2.0.5:
  version "2.0.5"
  resolved "https://registry.yarnpkg.com/prettier/-/prettier-2.0.5.tgz#d6d56282455243f2f92cc1716692c08aa31522d4"
  integrity sha512-7PtVymN48hGcO4fGjybyBSIWDsLU4H4XlvOHfq91pz9kkGlonzwTfYkaIEwiRg/dAJF9YlbsduBAgtYLi+8cFg==

"safer-buffer@>= 2.1.2 < 3":
  version "2.1.2"
  resolved "https://registry.yarnpkg.com/safer-buffer/-/safer-buffer-2.1.2.tgz#44fa161b0187b9549dd84bb91802f9bd8385cd6a"
  integrity sha512-YZo3K82SD7Riyi0E1EQPojLz7kpepnSQI9IyPbHHg1XXXevb5dJI7tpyN2ADxGcQbHG7vcyRHk0cbwqcQriUtg==

source-map-support@^0.5.17:
  version "0.5.19"
  resolved "https://registry.yarnpkg.com/source-map-support/-/source-map-support-0.5.19.tgz#a98b62f86dcaf4f67399648c085291ab9e8fed61"
  integrity sha512-Wonm7zOCIJzBGQdB+thsPar0kYuCIzYvxZwlBa87yi/Mdjv7Tip2cyVbLj5o0cFPN4EVkuTwb3GDDyUx2DGnGw==
  dependencies:
    buffer-from "^1.0.0"
    source-map "^0.6.0"

source-map@^0.6.0:
  version "0.6.1"
  resolved "https://registry.yarnpkg.com/source-map/-/source-map-0.6.1.tgz#74722af32e9614e9c287a8d0bbde48b5e2f1a263"
  integrity sha512-UjgapumWlbMhkBgzT7Ykc5YXUT46F0iKu8SGXq0bcwP5dz/h0Plj6enJqjz1Zbq2l5WaqYnrVbwWOWMyF3F47g==

sync-fetch@^0.1.0:
  version "0.1.1"
  resolved "https://registry.yarnpkg.com/sync-fetch/-/sync-fetch-0.1.1.tgz#7fb85ac91eed81f3a164f8088d6dd146aa466071"
  integrity sha512-8AkbqoxM0d/b8NKm5HuIJiFas/BkDTvKGDXIvZ8phT+gdyaVxKbzfae4bvgKUXwOvYWGdWjMQxJFkJxC+9Ee9A==
  dependencies:
    buffer "^5.4.2"
    node-fetch "^2.6.0"

ts-node@^8.10.1:
  version "8.10.1"
  resolved "https://registry.yarnpkg.com/ts-node/-/ts-node-8.10.1.tgz#77da0366ff8afbe733596361d2df9a60fc9c9bd3"
  integrity sha512-bdNz1L4ekHiJul6SHtZWs1ujEKERJnHs4HxN7rjTyyVOFf3HaJ6sLqe6aPG62XTzAB/63pKRh5jTSWL0D7bsvw==
  dependencies:
    arg "^4.1.0"
    diff "^4.0.1"
    make-error "^1.1.1"
    source-map-support "^0.5.17"
    yn "3.1.1"

typescript@^3.8.3:
  version "3.8.3"
  resolved "https://registry.yarnpkg.com/typescript/-/typescript-3.8.3.tgz#409eb8544ea0335711205869ec458ab109ee1061"
  integrity sha512-MYlEfn5VrLNsgudQTVJeNaQFUAI7DkhnOjdpAp4T+ku1TfQClewlbSuTVHiA+8skNBgaf02TL/kLOvig4y3G8w==

whatwg-fetch@>=0.10.0:
  version "3.0.0"
  resolved "https://registry.yarnpkg.com/whatwg-fetch/-/whatwg-fetch-3.0.0.tgz#fc804e458cc460009b1a2b966bc8817d2578aefb"
  integrity sha512-9GSJUgz1D4MfyKU7KRqwOjXCXTqWdFNvEr7eUBYchQiVc744mqK/MzXPNR2WsPkmkOa4ywfg8C2n8h+13Bey1Q==

wikibase-sdk@^7.4.1:
  version "7.4.1"
  resolved "https://registry.yarnpkg.com/wikibase-sdk/-/wikibase-sdk-7.4.1.tgz#af3d527d2a46504ad72a694042f2d18b744b02e7"
  integrity sha512-6noMz3puMJGO1mP1Orq5n+jobaMH/9NIYaSZIxNBR+tFfDG9zNDST8ZqBwGwka4X4QQV65gLoEk4r1TXNSSB7A==

wikidata-sdk@7:
  version "7.4.1"
  resolved "https://registry.yarnpkg.com/wikidata-sdk/-/wikidata-sdk-7.4.1.tgz#67bbeea4c849790f94b5f1eb669a6e70f42c0f30"
  integrity sha512-CAgBrN3BGIMxCcMv4omcTmuaO1yy0ErQbOHuyUeeFnkBW5kI7h8DUsGVWyARrWcYAgkfbmGMMzo07kYbAzavDg==
  dependencies:
    wikibase-sdk "^7.4.1"

yn@3.1.1:
  version "3.1.1"
  resolved "https://registry.yarnpkg.com/yn/-/yn-3.1.1.tgz#1e87401a09d767c1d5eab26a6e4c185182d2eb50"
  integrity sha512-Ux4ygGWsu2c7isFWe8Yu1YluJmqVhxqK2cLXNQA5AcC3QfbGNpM7fu0Y8b/z16pXLnFxZYvWhd3fhBY9DLmC6Q==
